
Microsoft Visual Studio Solution File, Format Version 12.00
# Visual Studio Version 17
VisualStudioVersion = 17.0.31903.59
MinimumVisualStudioVersion = 10.0.40219.1
Project("{2150E333-8FDC-42A3-9474-1A3956D46DE8}") = "src", "src", "{827E0CD3-B72D-47B6-A68D-7590B98EB39B}"
EndProject
Project("{FAE04EC0-301F-11D3-BF4B-00C04F79EFBC}") = "RocoPilot.Core", "src\RocoPilot.Core\RocoPilot.Core.csproj", "{C46734D4-ECF9-42B5-9C56-65F1C7415B9B}"
EndProject
Project("{FAE04EC0-301F-11D3-BF4B-00C04F79EFBC}") = "RocoPilot.Settings", "src\RocoPilot.Settings\RocoPilot.Settings.csproj", "{721AE0FC-8162-4565-8ACA-E3AF4223C010}"
EndProject
Project("{FAE04EC0-301F-11D3-BF4B-00C04F79EFBC}") = "RocoPilot.Tools.AutoThrow", "src\RocoPilot.Tools.AutoThrow\RocoPilot.Tools.AutoThrow.csproj", "{45191B6D-00F6-47A9-AA42-294807E6C190}"
EndProject
Project("{FAE04EC0-301F-11D3-BF4B-00C04F79EFBC}") = "RocoPilot.Shell", "src\RocoPilot.Shell\RocoPilot.Shell.csproj", "{430757CC-C7EB-4160-9594-F2BF994225B9}"
EndProject
Project("{FAE04EC0-301F-11D3-BF4B-00C04F79EFBC}") = "RocoPilot.Capture", "src\RocoPilot.Capture\RocoPilot.Capture.csproj", "{DE8BE87D-9B25-4364-863F-E6234B0621E4}"
EndProject
Project("{FAE04EC0-301F-11D3-BF4B-00C04F79EFBC}") = "RocoPilot.Detection", "src\RocoPilot.Detection\RocoPilot.Detection.csproj", "{B1A8757C-B4F6-4C63-A960-249056258BE5}"
EndProject
Project("{FAE04EC0-301F-11D3-BF4B-00C04F79EFBC}") = "RocoPilot.Input", "src\RocoPilot.Input\RocoPilot.Input.csproj", "{58FBB5CE-2FC3-4DC4-B708-C3D0EC147A95}"
EndProject
Project("{FAE04EC0-301F-11D3-BF4B-00C04F79EFBC}") = "RocoPilot.Loop", "src\RocoPilot.Loop\RocoPilot.Loop.csproj", "{B7820DC5-9B86-417A-8A20-243E91CFF453}"
EndProject
Project("{2150E333-8FDC-42A3-9474-1A3956D46DE8}") = "tests", "tests", "{0AB3BF05-4346-4AA6-1389-037BE0695223}"
EndProject
Project("{FAE04EC0-301F-11D3-BF4B-00C04F79EFBC}") = "RocoPilot.Loop.Tests", "tests\RocoPilot.Loop.Tests\RocoPilot.Loop.Tests.csproj", "{D42C01C4-504D-4C16-953B-59F01142396F}"
EndProject
Project("{FAE04EC0-301F-11D3-BF4B-00C04F79EFBC}") = "RocoPilot.Dispatch", "src\RocoPilot.Dispatch\RocoPilot.Dispatch.csproj", "{F4D9AC59-CF78-4B7E-9590-BEA1D895C763}"
EndProject
Project("{FAE04EC0-301F-11D3-BF4B-00C04F79EFBC}") = "RocoPilot.Tools.AutoBattle", "src\RocoPilot.Tools.AutoBattle\RocoPilot.Tools.AutoBattle.csproj", "{E883FC17-F3FA-46EF-AA55-F72AB167E786}"
EndProject
Project("{FAE04EC0-301F-11D3-BF4B-00C04F79EFBC}") = "RocoPilot.Tools.FastTravel", "src\RocoPilot.Tools.FastTravel\RocoPilot.Tools.FastTravel.csproj", "{18239B28-0E34-472C-9C85-5195E914286A}"
EndProject
Project("{FAE04EC0-301F-11D3-BF4B-00C04F79EFBC}") = "RocoPilot.Breeding", "src\RocoPilot.Breeding\RocoPilot.Breeding.csproj", "{2B8E1A1F-5383-4C18-9051-54F5DFE40451}"
EndProject
Global
	GlobalSection(SolutionConfigurationPlatforms) = preSolution
		Debug|Any CPU = Debug|Any CPU
		Debug|x64 = Debug|x64
		Debug|x86 = Debug|x86
		Release|Any CPU = Release|Any CPU
		Release|x64 = Release|x64
		Release|x86 = Release|x86
	EndGlobalSection
	GlobalSection(ProjectConfigurationPlatforms) = postSolution
		{C46734D4-ECF9-42B5-9C56-65F1C7415B9B}.Debug|Any CPU.ActiveCfg = Debug|Any CPU
		{C46734D4-ECF9-42B5-9C56-65F1C7415B9B}.Debug|Any CPU.Build.0 = Debug|Any CPU
		{C46734D4-ECF9-42B5-9C56-65F1C7415B9B}.Debug|x64.ActiveCfg = Debug|Any CPU
		{C46734D4-ECF9-42B5-9C56-65F1C7415B9B}.Debug|x64.Build.0 = Debug|Any CPU
		{C46734D4-ECF9-42B5-9C56-65F1C7415B9B}.Debug|x86.ActiveCfg = Debug|Any CPU
		{C46734D4-ECF9-42B5-9C56-65F1C7415B9B}.Debug|x86.Build.0 = Debug|Any CPU
		{C46734D4-ECF9-42B5-9C56-65F1C7415B9B}.Release|Any CPU.ActiveCfg = Release|Any CPU
		{C46734D4-ECF9-42B5-9C56-65F1C7415B9B}.Release|Any CPU.Build.0 = Release|Any CPU
		{C46734D4-ECF9-42B5-9C56-65F1C7415B9B}.Release|x64.ActiveCfg = Release|Any CPU
		{C46734D4-ECF9-42B5-9C56-65F1C7415B9B}.Release|x64.Build.0 = Release|Any CPU
		{C46734D4-ECF9-42B5-9C56-65F1C7415B9B}.Release|x86.ActiveCfg = Release|Any CPU
		{C46734D4-ECF9-42B5-9C56-65F1C7415B9B}.Release|x86.Build.0 = Release|Any CPU
		{721AE0FC-8162-4565-8ACA-E3AF4223C010}.Debug|Any CPU.ActiveCfg = Debug|Any CPU
		{721AE0FC-8162-4565-8ACA-E3AF4223C010}.Debug|Any CPU.Build.0 = Debug|Any CPU
		{721AE0FC-8162-4565-8ACA-E3AF4223C010}.Debug|x64.ActiveCfg = Debug|Any CPU
		{721AE0FC-8162-4565-8ACA-E3AF4223C010}.Debug|x64.Build.0 = Debug|Any CPU
		{721AE0FC-8162-4565-8ACA-E3AF4223C010}.Debug|x86.ActiveCfg = Debug|Any CPU
		{721AE0FC-8162-4565-8ACA-E3AF4223C010}.Debug|x86.Build.0 = Debug|Any CPU
		{721AE0FC-8162-4565-8ACA-E3AF4223C010}.Release|Any CPU.ActiveCfg = Release|Any CPU
		{721AE0FC-8162-4565-8ACA-E3AF4223C010}.Release|Any CPU.Build.0 = Release|Any CPU
		{721AE0FC-8162-4565-8ACA-E3AF4223C010}.Release|x64.ActiveCfg = Release|Any CPU
		{721AE0FC-8162-4565-8ACA-E3AF4223C010}.Release|x64.Build.0 = Release|Any CPU
		{721AE0FC-8162-4565-8ACA-E3AF4223C010}.Release|x86.ActiveCfg = Release|Any CPU
		{721AE0FC-8162-4565-8ACA-E3AF4223C010}.Release|x86.Build.0 = Release|Any CPU
		{45191B6D-00F6-47A9-AA42-294807E6C190}.Debug|Any CPU.ActiveCfg = Debug|Any CPU
		{45191B6D-00F6-47A9-AA42-294807E6C190}.Debug|Any CPU.Build.0 = Debug|Any CPU
		{45191B6D-00F6-47A9-AA42-294807E6C190}.Debug|x64.ActiveCfg = Debug|Any CPU
		{45191B6D-00F6-47A9-AA42-294807E6C190}.Debug|x64.Build.0 = Debug|Any CPU
		{45191B6D-00F6-47A9-AA42-294807E6C190}.Debug|x86.ActiveCfg = Debug|Any CPU
		{45191B6D-00F6-47A9-AA42-294807E6C190}.Debug|x86.Build.0 = Debug|Any CPU
		{45191B6D-00F6-47A9-AA42-294807E6C190}.Release|Any CPU.ActiveCfg = Release|Any CPU
		{45191B6D-00F6-47A9-AA42-294807E6C190}.Release|Any CPU.Build.0 = Release|Any CPU
		{45191B6D-00F6-47A9-AA42-294807E6C190}.Release|x64.ActiveCfg = Release|Any CPU
		{45191B6D-00F6-47A9-AA42-294807E6C190}.Release|x64.Build.0 = Release|Any CPU
		{45191B6D-00F6-47A9-AA42-294807E6C190}.Release|x86.ActiveCfg = Release|Any CPU
		{45191B6D-00F6-47A9-AA42-294807E6C190}.Release|x86.Build.0 = Release|Any CPU
		{430757CC-C7EB-4160-9594-F2BF994225B9}.Debug|Any CPU.ActiveCfg = Debug|Any CPU
		{430757CC-C7EB-4160-9594-F2BF994225B9}.Debug|Any CPU.Build.0 = Debug|Any CPU
		{430757CC-C7EB-4160-9594-F2BF994225B9}.Debug|x64.ActiveCfg = Debug|Any CPU
		{430757CC-C7EB-4160-9594-F2BF994225B9}.Debug|x64.Build.0 = Debug|Any CPU
		{430757CC-C7EB-4160-9594-F2BF994225B9}.Debug|x86.ActiveCfg = Debug|Any CPU
		{430757CC-C7EB-4160-9594-F2BF994225B9}.Debug|x86.Build.0 = Debug|Any CPU
		{430757CC-C7EB-4160-9594-F2BF994225B9}.Release|Any CPU.ActiveCfg = Release|Any CPU
		{430757CC-C7EB-4160-9594-F2BF994225B9}.Release|Any CPU.Build.0 = Release|Any CPU
		{430757CC-C7EB-4160-9594-F2BF994225B9}.Release|x64.ActiveCfg = Release|Any CPU
		{430757CC-C7EB-4160-9594-F2BF994225B9}.Release|x64.Build.0 = Release|Any CPU
		{430757CC-C7EB-4160-9594-F2BF994225B9}.Release|x86.ActiveCfg = Release|Any CPU
		{430757CC-C7EB-4160-9594-F2BF994225B9}.Release|x86.Build.0 = Release|Any CPU
		{DE8BE87D-9B25-4364-863F-E6234B0621E4}.Debug|Any CPU.ActiveCfg = Debug|Any CPU
		{DE8BE87D-9B25-4364-863F-E6234B0621E4}.Debug|Any CPU.Build.0 = Debug|Any CPU
		{DE8BE87D-9B25-4364-863F-E6234B0621E4}.Debug|x64.ActiveCfg = Debug|Any CPU
		{DE8BE87D-9B25-4364-863F-E6234B0621E4}.Debug|x64.Build.0 = Debug|Any CPU
		{DE8BE87D-9B25-4364-863F-E6234B0621E4}.Debug|x86.ActiveCfg = Debug|Any CPU
		{DE8BE87D-9B25-4364-863F-E6234B0621E4}.Debug|x86.Build.0 = Debug|Any CPU
		{DE8BE87D-9B25-4364-863F-E6234B0621E4}.Release|Any CPU.ActiveCfg = Release|Any CPU
		{DE8BE87D-9B25-4364-863F-E6234B0621E4}.Release|Any CPU.Build.0 = Release|Any CPU
		{DE8BE87D-9B25-4364-863F-E6234B0621E4}.Release|x64.ActiveCfg = Release|Any CPU
		{DE8BE87D-9B25-4364-863F-E6234B0621E4}.Release|x64.Build.0 = Release|Any CPU
		{DE8BE87D-9B25-4364-863F-E6234B0621E4}.Release|x86.ActiveCfg = Release|Any CPU
		{DE8BE87D-9B25-4364-863F-E6234B0621E4}.Release|x86.Build.0 = Release|Any CPU
		{B1A8757C-B4F6-4C63-A960-249056258BE5}.Debug|Any CPU.ActiveCfg = Debug|Any CPU
		{B1A8757C-B4F6-4C63-A960-249056258BE5}.Debug|Any CPU.Build.0 = Debug|Any CPU
		{B1A8757C-B4F6-4C63-A960-249056258BE5}.Debug|x64.ActiveCfg = Debug|Any CPU
		{B1A8757C-B4F6-4C63-A960-249056258BE5}.Debug|x64.Build.0 = Debug|Any CPU
		{B1A8757C-B4F6-4C63-A960-249056258BE5}.Debug|x86.ActiveCfg = Debug|Any CPU
		{B1A8757C-B4F6-4C63-A960-249056258BE5}.Debug|x86.Build.0 = Debug|Any CPU
		{B1A8757C-B4F6-4C63-A960-249056258BE5}.Release|Any CPU.ActiveCfg = Release|Any CPU
		{B1A8757C-B4F6-4C63-A960-249056258BE5}.Release|Any CPU.Build.0 = Release|Any CPU
		{B1A8757C-B4F6-4C63-A960-249056258BE5}.Release|x64.ActiveCfg = Release|Any CPU
		{B1A8757C-B4F6-4C63-A960-249056258BE5}.Release|x64.Build.0 = Release|Any CPU
		{B1A8757C-B4F6-4C63-A960-249056258BE5}.Release|x86.ActiveCfg = Release|Any CPU
		{B1A8757C-B4F6-4C63-A960-249056258BE5}.Release|x86.Build.0 = Release|Any CPU
		{58FBB5CE-2FC3-4DC4-B708-C3D0EC147A95}.Debug|Any CPU.ActiveCfg = Debug|Any CPU
		{58FBB5CE-2FC3-4DC4-B708-C3D0EC147A95}.Debug|Any CPU.Build.0 = Debug|Any CPU
		{58FBB5CE-2FC3-4DC4-B708-C3D0EC147A95}.Debug|x64.ActiveCfg = Debug|Any CPU
		{58FBB5CE-2FC3-4DC4-B708-C3D0EC147A95}.Debug|x64.Build.0 = Debug|Any CPU
		{58FBB5CE-2FC3-4DC4-B708-C3D0EC147A95}.Debug|x86.ActiveCfg = Debug|Any CPU
		{58FBB5CE-2FC3-4DC4-B708-C3D0EC147A95}.Debug|x86.Build.0 = Debug|Any CPU
		{58FBB5CE-2FC3-4DC4-B708-C3D0EC147A95}.Release|Any CPU.ActiveCfg = Release|Any CPU
		{58FBB5CE-2FC3-4DC4-B708-C3D0EC147A95}.Release|Any CPU.Build.0 = Release|Any CPU
		{58FBB5CE-2FC3-4DC4-B708-C3D0EC147A95}.Release|x64.ActiveCfg = Release|Any CPU
		{58FBB5CE-2FC3-4DC4-B708-C3D0EC147A95}.Release|x64.Build.0 = Release|Any CPU
		{58FBB5CE-2FC3-4DC4-B708-C3D0EC147A95}.Release|x86.ActiveCfg = Release|Any CPU
		{58FBB5CE-2FC3-4DC4-B708-C3D0EC147A95}.Release|x86.Build.0 = Release|Any CPU
		{B7820DC5-9B86-417A-8A20-243E91CFF453}.Debug|Any CPU.ActiveCfg = Debug|Any CPU
		{B7820DC5-9B86-417A-8A20-243E91CFF453}.Debug|Any CPU.Build.0 = Debug|Any CPU
		{B7820DC5-9B86-417A-8A20-243E91CFF453}.Debug|x64.ActiveCfg = Debug|Any CPU
		{B7820DC5-9B86-417A-8A20-243E91CFF453}.Debug|x64.Build.0 = Debug|Any CPU
		{B7820DC5-9B86-417A-8A20-243E91CFF453}.Debug|x86.ActiveCfg = Debug|Any CPU
		{B7820DC5-9B86-417A-8A20-243E91CFF453}.Debug|x86.Build.0 = Debug|Any CPU
		{B7820DC5-9B86-417A-8A20-243E91CFF453}.Release|Any CPU.ActiveCfg = Release|Any CPU
		{B7820DC5-9B86-417A-8A20-243E91CFF453}.Release|Any CPU.Build.0 = Release|Any CPU
		{B7820DC5-9B86-417A-8A20-243E91CFF453}.Release|x64.ActiveCfg = Release|Any CPU
		{B7820DC5-9B86-417A-8A20-243E91CFF453}.Release|x64.Build.0 = Release|Any CPU
		{B7820DC5-9B86-417A-8A20-243E91CFF453}.Release|x86.ActiveCfg = Release|Any CPU
		{B7820DC5-9B86-417A-8A20-243E91CFF453}.Release|x86.Build.0 = Release|Any CPU
		{D42C01C4-504D-4C16-953B-59F01142396F}.Debug|Any CPU.ActiveCfg = Debug|Any CPU
		{D42C01C4-504D-4C16-953B-59F01142396F}.Debug|Any CPU.Build.0 = Debug|Any CPU
		{D42C01C4-504D-4C16-953B-59F01142396F}.Debug|x64.ActiveCfg = Debug|Any CPU
		{D42C01C4-504D-4C16-953B-59F01142396F}.Debug|x64.Build.0 = Debug|Any CPU
		{D42C01C4-504D-4C16-953B-59F01142396F}.Debug|x86.ActiveCfg = Debug|Any CPU
		{D42C01C4-504D-4C16-953B-59F01142396F}.Debug|x86.Build.0 = Debug|Any CPU
		{D42C01C4-504D-4C16-953B-59F01142396F}.Release|Any CPU.ActiveCfg = Release|Any CPU
		{D42C01C4-504D-4C16-953B-59F01142396F}.Release|Any CPU.Build.0 = Release|Any CPU
		{D42C01C4-504D-4C16-953B-59F01142396F}.Release|x64.ActiveCfg = Release|Any CPU
		{D42C01C4-504D-4C16-953B-59F01142396F}.Release|x64.Build.0 = Release|Any CPU
		{D42C01C4-504D-4C16-953B-59F01142396F}.Release|x86.ActiveCfg = Release|Any CPU
		{D42C01C4-504D-4C16-953B-59F01142396F}.Release|x86.Build.0 = Release|Any CPU
		{F4D9AC59-CF78-4B7E-9590-BEA1D895C763}.Debug|Any CPU.ActiveCfg = Debug|Any CPU
		{F4D9AC59-CF78-4B7E-9590-BEA1D895C763}.Debug|Any CPU.Build.0 = Debug|Any CPU
		{F4D9AC59-CF78-4B7E-9590-BEA1D895C763}.Debug|x64.ActiveCfg = Debug|Any CPU
		{F4D9AC59-CF78-4B7E-9590-BEA1D895C763}.Debug|x64.Build.0 = Debug|Any CPU
		{F4D9AC59-CF78-4B7E-9590-BEA1D895C763}.Debug|x86.ActiveCfg = Debug|Any CPU
		{F4D9AC59-CF78-4B7E-9590-BEA1D895C763}.Debug|x86.Build.0 = Debug|Any CPU
		{F4D9AC59-CF78-4B7E-9590-BEA1D895C763}.Release|Any CPU.ActiveCfg = Release|Any CPU
		{F4D9AC59-CF78-4B7E-9590-BEA1D895C763}.Release|Any CPU.Build.0 = Release|Any CPU
		{F4D9AC59-CF78-4B7E-9590-BEA1D895C763}.Release|x64.ActiveCfg = Release|Any CPU
		{F4D9AC59-CF78-4B7E-9590-BEA1D895C763}.Release|x64.Build.0 = Release|Any CPU
		{F4D9AC59-CF78-4B7E-9590-BEA1D895C763}.Release|x86.ActiveCfg = Release|Any CPU
		{F4D9AC59-CF78-4B7E-9590-BEA1D895C763}.Release|x86.Build.0 = Release|Any CPU
		{E883FC17-F3FA-46EF-AA55-F72AB167E786}.Debug|Any CPU.ActiveCfg = Debug|Any CPU
		{E883FC17-F3FA-46EF-AA55-F72AB167E786}.Debug|Any CPU.Build.0 = Debug|Any CPU
		{E883FC17-F3FA-46EF-AA55-F72AB167E786}.Debug|x64.ActiveCfg = Debug|Any CPU
		{E883FC17-F3FA-46EF-AA55-F72AB167E786}.Debug|x64.Build.0 = Debug|Any CPU
		{E883FC17-F3FA-46EF-AA55-F72AB167E786}.Debug|x86.ActiveCfg = Debug|Any CPU
		{E883FC17-F3FA-46EF-AA55-F72AB167E786}.Debug|x86.Build.0 = Debug|Any CPU
		{E883FC17-F3FA-46EF-AA55-F72AB167E786}.Release|Any CPU.ActiveCfg = Release|Any CPU
		{E883FC17-F3FA-46EF-AA55-F72AB167E786}.Release|Any CPU.Build.0 = Release|Any CPU
		{E883FC17-F3FA-46EF-AA55-F72AB167E786}.Release|x64.ActiveCfg = Release|Any CPU
		{E883FC17-F3FA-46EF-AA55-F72AB167E786}.Release|x64.Build.0 = Release|Any CPU
		{E883FC17-F3FA-46EF-AA55-F72AB167E786}.Release|x86.ActiveCfg = Release|Any CPU
		{E883FC17-F3FA-46EF-AA55-F72AB167E786}.Release|x86.Build.0 = Release|Any CPU
		{18239B28-0E34-472C-9C85-5195E914286A}.Debug|Any CPU.ActiveCfg = Debug|Any CPU
		{18239B28-0E34-472C-9C85-5195E914286A}.Debug|Any CPU.Build.0 = Debug|Any CPU
		{18239B28-0E34-472C-9C85-5195E914286A}.Debug|x64.ActiveCfg = Debug|Any CPU
		{18239B28-0E34-472C-9C85-5195E914286A}.Debug|x64.Build.0 = Debug|Any CPU
		{18239B28-0E34-472C-9C85-5195E914286A}.Debug|x86.ActiveCfg = Debug|Any CPU
		{18239B28-0E34-472C-9C85-5195E914286A}.Debug|x86.Build.0 = Debug|Any CPU
		{18239B28-0E34-472C-9C85-5195E914286A}.Release|Any CPU.ActiveCfg = Release|Any CPU
		{18239B28-0E34-472C-9C85-5195E914286A}.Release|Any CPU.Build.0 = Release|Any CPU
		{18239B28-0E34-472C-9C85-5195E914286A}.Release|x64.ActiveCfg = Release|Any CPU
		{18239B28-0E34-472C-9C85-5195E914286A}.Release|x64.Build.0 = Release|Any CPU
		{18239B28-0E34-472C-9C85-5195E914286A}.Release|x86.ActiveCfg = Release|Any CPU
		{18239B28-0E34-472C-9C85-5195E914286A}.Release|x86.Build.0 = Release|Any CPU
		{2B8E1A1F-5383-4C18-9051-54F5DFE40451}.Debug|Any CPU.ActiveCfg = Debug|Any CPU
		{2B8E1A1F-5383-4C18-9051-54F5DFE40451}.Debug|Any CPU.Build.0 = Debug|Any CPU
		{2B8E1A1F-5383-4C18-9051-54F5DFE40451}.Debug|x64.ActiveCfg = Debug|Any CPU
		{2B8E1A1F-5383-4C18-9051-54F5DFE40451}.Debug|x64.Build.0 = Debug|Any CPU
		{2B8E1A1F-5383-4C18-9051-54F5DFE40451}.Debug|x86.ActiveCfg = Debug|Any CPU
		{2B8E1A1F-5383-4C18-9051-54F5DFE40451}.Debug|x86.Build.0 = Debug|Any CPU
		{2B8E1A1F-5383-4C18-9051-54F5DFE40451}.Release|Any CPU.ActiveCfg = Release|Any CPU
		{2B8E1A1F-5383-4C18-9051-54F5DFE40451}.Release|Any CPU.Build.0 = Release|Any CPU
		{2B8E1A1F-5383-4C18-9051-54F5DFE40451}.Release|x64.ActiveCfg = Release|Any CPU
		{2B8E1A1F-5383-4C18-9051-54F5DFE40451}.Release|x64.Build.0 = Release|Any CPU
		{2B8E1A1F-5383-4C18-9051-54F5DFE40451}.Release|x86.ActiveCfg = Release|Any CPU
		{2B8E1A1F-5383-4C18-9051-54F5DFE40451}.Release|x86.Build.0 = Release|Any CPU
	EndGlobalSection
	GlobalSection(SolutionProperties) = preSolution
		HideSolutionNode = FALSE
	EndGlobalSection
	GlobalSection(NestedProjects) = preSolution
		{C46734D4-ECF9-42B5-9C56-65F1C7415B9B} = {827E0CD3-B72D-47B6-A68D-7590B98EB39B}
		{721AE0FC-8162-4565-8ACA-E3AF4223C010} = {827E0CD3-B72D-47B6-A68D-7590B98EB39B}
		{45191B6D-00F6-47A9-AA42-294807E6C190} = {827E0CD3-B72D-47B6-A68D-7590B98EB39B}
		{430757CC-C7EB-4160-9594-F2BF994225B9} = {827E0CD3-B72D-47B6-A68D-7590B98EB39B}
		{DE8BE87D-9B25-4364-863F-E6234B0621E4} = {827E0CD3-B72D-47B6-A68D-7590B98EB39B}
		{B1A8757C-B4F6-4C63-A960-249056258BE5} = {827E0CD3-B72D-47B6-A68D-7590B98EB39B}
		{58FBB5CE-2FC3-4DC4-B708-C3D0EC147A95} = {827E0CD3-B72D-47B6-A68D-7590B98EB39B}
		{B7820DC5-9B86-417A-8A20-243E91CFF453} = {827E0CD3-B72D-47B6-A68D-7590B98EB39B}
		{D42C01C4-504D-4C16-953B-59F01142396F} = {0AB3BF05-4346-4AA6-1389-037BE0695223}
		{F4D9AC59-CF78-4B7E-9590-BEA1D895C763} = {827E0CD3-B72D-47B6-A68D-7590B98EB39B}
		{E883FC17-F3FA-46EF-AA55-F72AB167E786} = {827E0CD3-B72D-47B6-A68D-7590B98EB39B}
		{18239B28-0E34-472C-9C85-5195E914286A} = {827E0CD3-B72D-47B6-A68D-7590B98EB39B}
		{2B8E1A1F-5383-4C18-9051-54F5DFE40451} = {827E0CD3-B72D-47B6-A68D-7590B98EB39B}
	EndGlobalSection
EndGlobal
